
Microsoft Visual Studio Solution File, Format Version 12.00
# Visual Studio Version 16
VisualStudioVersion = 16.0.29613.14
MinimumVisualStudioVersion = 10.0.40219.1
Project("{FAE04EC0-301F-11D3-BF4B-00C04F79EFBC}") = "fo2-config", "fo2-config.csproj", "{D1A348B5-F065-45A9-A70D-44B6CBCFB8C2}"
EndProject
Global
	GlobalSection(SolutionConfigurationPlatforms) = preSolution
		Debug|Any CPU = Debug|Any CPU
		Release|Any CPU = Release|Any CPU
	EndGlobalSection
	GlobalSection(ProjectConfigurationPlatforms) = postSolution
		{D1A348B5-F065-45A9-A70D-44B6CBCFB8C2}.Debug|Any CPU.ActiveCfg = Debug|Any CPU
		{D1A348B5-F065-45A9-A70D-44B6CBCFB8C2}.Debug|Any CPU.Build.0 = Debug|Any CPU
		{D1A348B5-F065-45A9-A70D-44B6CBCFB8C2}.Release|Any CPU.ActiveCfg = Release|Any CPU
		{D1A348B5-F065-45A9-A70D-44B6CBCFB8C2}.Release|Any CPU.Build.0 = Release|Any CPU
	EndGlobalSection
	GlobalSection(SolutionProperties) = preSolution
		HideSolutionNode = FALSE
	EndGlobalSection
	GlobalSection(ExtensibilityGlobals) = postSolution
		SolutionGuid = {86840684-4A7F-436C-93A1-09923320CB74}
	EndGlobalSection
EndGlobal
